{
  "requires": true,
  "lockfileVersion": 1,
  "dependencies": {
    "leaflet-transitionedicon": {
      "version": "0.2.1",
      "resolved": "https://registry.npmjs.org/leaflet-transitionedicon/-/leaflet-transitionedicon-0.2.1.tgz",
      "integrity": "sha1-z3e3WkrlE7h+nD42A899jsP8a5U="
    }
  }
}
